// !$*UTF8*$!
{
	archiveVersion = 1;
	classes = {
	};
	objectVersion = 46;
	objects = {

/* Begin PBXBuildFile section */
		2D3B91BD1D1742ED00249741 /* level9.sks in Resources */ = {isa = PBXBuildFile; fileRef = 2D3B91BC1D1742ED00249741 /* level9.sks */; };
		2D3B91BF1D17430400249741 /* level9.swift in Sources */ = {isa = PBXBuildFile; fileRef = 2D3B91BE1D17430400249741 /* level9.swift */; };
		2D54DF121CFCAAE600832042 /* level5.swift in Sources */ = {isa = PBXBuildFile; fileRef = 2D54DF111CFCAAE600832042 /* level5.swift */; };
		2D655B371CF3D118004D5190 /* level1.sks in Resources */ = {isa = PBXBuildFile; fileRef = 2D655B361CF3D118004D5190 /* level1.sks */; };
		2D655B391CF3D127004D5190 /* level1.swift in Sources */ = {isa = PBXBuildFile; fileRef = 2D655B381CF3D127004D5190 /* level1.swift */; };
		2D7010C01CF7999000262425 /* level3.sks in Resources */ = {isa = PBXBuildFile; fileRef = 2D7010BF1CF7999000262425 /* level3.sks */; };
		2D7010C21CF7A26E00262425 /* level3.swift in Sources */ = {isa = PBXBuildFile; fileRef = 2D7010C11CF7A26E00262425 /* level3.swift */; };
		2D7A215E1CEE30DB00AEBC61 /* player.swift in Sources */ = {isa = PBXBuildFile; fileRef = 2D7A215D1CEE30DB00AEBC61 /* player.swift */; };
		2D7A21601CEE9C6500AEBC61 /* checkpoint.swift in Sources */ = {isa = PBXBuildFile; fileRef = 2D7A215F1CEE9C6500AEBC61 /* checkpoint.swift */; };
		2D7C43341D04F0C600DF954A /* level8.sks in Resources */ = {isa = PBXBuildFile; fileRef = 2D7C43331D04F0C600DF954A /* level8.sks */; };
		2D7F7EAF1CFA205D00809773 /* level4.swift in Sources */ = {isa = PBXBuildFile; fileRef = 2D7F7EAE1CFA205D00809773 /* level4.swift */; };
		2D9FE1121CED5E6C003A7A40 /* AppDelegate.swift in Sources */ = {isa = PBXBuildFile; fileRef = 2D9FE1111CED5E6C003A7A40 /* AppDelegate.swift */; };
		2D9FE1141CED5E6C003A7A40 /* GameScene.sks in Resources */ = {isa = PBXBuildFile; fileRef = 2D9FE1131CED5E6C003A7A40 /* GameScene.sks */; };
		2D9FE1161CED5E6C003A7A40 /* GameScene.swift in Sources */ = {isa = PBXBuildFile; fileRef = 2D9FE1151CED5E6C003A7A40 /* GameScene.swift */; };
		2D9FE1181CED5E6C003A7A40 /* GameViewController.swift in Sources */ = {isa = PBXBuildFile; fileRef = 2D9FE1171CED5E6C003A7A40 /* GameViewController.swift */; };
		2D9FE11B1CED5E6C003A7A40 /* Main.storyboard in Resources */ = {isa = PBXBuildFile; fileRef = 2D9FE1191CED5E6C003A7A40 /* Main.storyboard */; };
		2D9FE11D1CED5E6C003A7A40 /* Assets.xcassets in Resources */ = {isa = PBXBuildFile; fileRef = 2D9FE11C1CED5E6C003A7A40 /* Assets.xcassets */; };
		2D9FE1201CED5E6C003A7A40 /* LaunchScreen.storyboard in Resources */ = {isa = PBXBuildFile; fileRef = 2D9FE11E1CED5E6C003A7A40 /* LaunchScreen.storyboard */; };
		2D9FE12C1CED6ABD003A7A40 /* OverWorldScene.swift in Sources */ = {isa = PBXBuildFile; fileRef = 2D9FE12B1CED6ABD003A7A40 /* OverWorldScene.swift */; };
		2D9FE12E1CED6AE1003A7A40 /* OverWorldScene.sks in Resources */ = {isa = PBXBuildFile; fileRef = 2D9FE12D1CED6AE1003A7A40 /* OverWorldScene.sks */; };
		2DBE96581CFBCF8A002EC1C2 /* level5.sks in Resources */ = {isa = PBXBuildFile; fileRef = 2DBE96571CFBCF8A002EC1C2 /* level5.sks */; };
		2DC31FFB1CFDF7F5004B338E /* level6.swift in Sources */ = {isa = PBXBuildFile; fileRef = 2DC31FFA1CFDF7F5004B338E /* level6.swift */; };
		2DC388941CFCEF8500BAF38A /* level6.sks in Resources */ = {isa = PBXBuildFile; fileRef = 2DC388931CFCEF8500BAF38A /* level6.sks */; };
		2DC90C9F1D051B0600023A32 /* level8.swift in Sources */ = {isa = PBXBuildFile; fileRef = 2DC90C9E1D051B0600023A32 /* level8.swift */; };
		2DE35CA61CFF8CFE00A55646 /* level7.sks in Resources */ = {isa = PBXBuildFile; fileRef = 2DE35CA51CFF8CFE00A55646 /* level7.sks */; };
		2DE35CA81CFF982800A55646 /* level7.swift in Sources */ = {isa = PBXBuildFile; fileRef = 2DE35CA71CFF982800A55646 /* level7.swift */; };
		2DF0850C1CFA129F0064B3B2 /* level4.sks in Resources */ = {isa = PBXBuildFile; fileRef = 2DF0850B1CFA129F0064B3B2 /* level4.sks */; };
		2DF5D0E81CF63A9F00302E02 /* level2.sks in Resources */ = {isa = PBXBuildFile; fileRef = 2DF5D0E71CF63A9F00302E02 /* level2.sks */; };
		2DF5D0EA1CF64DBD00302E02 /* level2.swift in Sources */ = {isa = PBXBuildFile; fileRef = 2DF5D0E91CF64DBD00302E02 /* level2.swift */; };
/* End PBXBuildFile section */

/* Begin PBXFileReference section */
		2D3B91BC1D1742ED00249741 /* level9.sks */ = {isa = PBXFileReference; lastKnownFileType = file.sks; path = level9.sks; sourceTree = "<group>"; };
		2D3B91BE1D17430400249741 /* level9.swift */ = {isa = PBXFileReference; fileEncoding = 4; lastKnownFileType = sourcecode.swift; path = level9.swift; sourceTree = "<group>"; };
		2D54DF111CFCAAE600832042 /* level5.swift */ = {isa = PBXFileReference; fileEncoding = 4; lastKnownFileType = sourcecode.swift; path = level5.swift; sourceTree = "<group>"; };
		2D655B361CF3D118004D5190 /* level1.sks */ = {isa = PBXFileReference; lastKnownFileType = file.sks; path = level1.sks; sourceTree = "<group>"; };
		2D655B381CF3D127004D5190 /* level1.swift */ = {isa = PBXFileReference; fileEncoding = 4; lastKnownFileType = sourcecode.swift; path = level1.swift; sourceTree = "<group>"; };
		2D7010BF1CF7999000262425 /* level3.sks */ = {isa = PBXFileReference; lastKnownFileType = file.sks; path = level3.sks; sourceTree = "<group>"; };
		2D7010C11CF7A26E00262425 /* level3.swift */ = {isa = PBXFileReference; fileEncoding = 4; lastKnownFileType = sourcecode.swift; path = level3.swift; sourceTree = "<group>"; };
		2D7A215D1CEE30DB00AEBC61 /* player.swift */ = {isa = PBXFileReference; fileEncoding = 4; lastKnownFileType = sourcecode.swift; path = player.swift; sourceTree = "<group>"; };
		2D7A215F1CEE9C6500AEBC61 /* checkpoint.swift */ = {isa = PBXFileReference; fileEncoding = 4; lastKnownFileType = sourcecode.swift; path = checkpoint.swift; sourceTree = "<group>"; };
		2D7C43331D04F0C600DF954A /* level8.sks */ = {isa = PBXFileReference; lastKnownFileType = file.sks; path = level8.sks; sourceTree = "<group>"; };
		2D7F7EAE1CFA205D00809773 /* level4.swift */ = {isa = PBXFileReference; fileEncoding = 4; lastKnownFileType = sourcecode.swift; path = level4.swift; sourceTree = "<group>"; };
		2D9FE10E1CED5E6C003A7A40 /* Block Boogie.app */ = {isa = PBXFileReference; explicitFileType = wrapper.application; includeInIndex = 0; path = "Block Boogie.app"; sourceTree = BUILT_PRODUCTS_DIR; };
		2D9FE1111CED5E6C003A7A40 /* AppDelegate.swift */ = {isa = PBXFileReference; lastKnownFileType = sourcecode.swift; path = AppDelegate.swift; sourceTree = "<group>"; };
		2D9FE1131CED5E6C003A7A40 /* GameScene.sks */ = {isa = PBXFileReference; lastKnownFileType = file.sks; path = GameScene.sks; sourceTree = "<group>"; };
		2D9FE1151CED5E6C003A7A40 /* GameScene.swift */ = {isa = PBXFileReference; lastKnownFileType = sourcecode.swift; path = GameScene.swift; sourceTree = "<group>"; };
		2D9FE1171CED5E6C003A7A40 /* GameViewController.swift */ = {isa = PBXFileReference; lastKnownFileType = sourcecode.swift; path = GameViewController.swift; sourceTree = "<group>"; };
		2D9FE11A1CED5E6C003A7A40 /* Base */ = {isa = PBXFileReference; lastKnownFileType = file.storyboard; name = Base; path = Base.lproj/Main.storyboard; sourceTree = "<group>"; };
		2D9FE11C1CED5E6C003A7A40 /* Assets.xcassets */ = {isa = PBXFileReference; lastKnownFileType = folder.assetcatalog; path = Assets.xcassets; sourceTree = "<group>"; };
		2D9FE11F1CED5E6C003A7A40 /* Base */ = {isa = PBXFileReference; lastKnownFileType = file.storyboard; name = Base; path = Base.lproj/LaunchScreen.storyboard; sourceTree = "<group>"; };
		2D9FE1211CED5E6C003A7A40 /* Info.plist */ = {isa = PBXFileReference; lastKnownFileType = text.plist.xml; path = Info.plist; sourceTree = "<group>"; };
		2D9FE12B1CED6ABD003A7A40 /* OverWorldScene.swift */ = {isa = PBXFileReference; fileEncoding = 4; lastKnownFileType = sourcecode.swift; path = OverWorldScene.swift; sourceTree = "<group>"; };
		2D9FE12D1CED6AE1003A7A40 /* OverWorldScene.sks */ = {isa = PBXFileReference; lastKnownFileType = file.sks; path = OverWorldScene.sks; sourceTree = "<group>"; };
		2DBE96571CFBCF8A002EC1C2 /* level5.sks */ = {isa = PBXFileReference; lastKnownFileType = file.sks; path = level5.sks; sourceTree = "<group>"; };
		2DC31FFA1CFDF7F5004B338E /* level6.swift */ = {isa = PBXFileReference; fileEncoding = 4; lastKnownFileType = sourcecode.swift; path = level6.swift; sourceTree = "<group>"; };
		2DC388931CFCEF8500BAF38A /* level6.sks */ = {isa = PBXFileReference; lastKnownFileType = file.sks; path = level6.sks; sourceTree = "<group>"; };
		2DC90C9E1D051B0600023A32 /* level8.swift */ = {isa = PBXFileReference; fileEncoding = 4; lastKnownFileType = sourcecode.swift; path = level8.swift; sourceTree = "<group>"; };
		2DE35CA51CFF8CFE00A55646 /* level7.sks */ = {isa = PBXFileReference; lastKnownFileType = file.sks; path = level7.sks; sourceTree = "<group>"; };
		2DE35CA71CFF982800A55646 /* level7.swift */ = {isa = PBXFileReference; fileEncoding = 4; lastKnownFileType = sourcecode.swift; path = level7.swift; sourceTree = "<group>"; };
		2DF0850B1CFA129F0064B3B2 /* level4.sks */ = {isa = PBXFileReference; lastKnownFileType = file.sks; path = level4.sks; sourceTree = "<group>"; };
		2DF5D0E71CF63A9F00302E02 /* level2.sks */ = {isa = PBXFileReference; lastKnownFileType = file.sks; name = level2.sks; path = ../level2.sks; sourceTree = "<group>"; };
		2DF5D0E91CF64DBD00302E02 /* level2.swift */ = {isa = PBXFileReference; fileEncoding = 4; lastKnownFileType = sourcecode.swift; path = level2.swift; sourceTree = "<group>"; };
/* End PBXFileReference section */

/* Begin PBXFrameworksBuildPhase section */
		2D9FE10B1CED5E6C003A7A40 /* Frameworks */ = {
			isa = PBXFrameworksBuildPhase;
			buildActionMask = 2147483647;
			files = (
			);
			runOnlyForDeploymentPostprocessing = 0;
		};
/* End PBXFrameworksBuildPhase section */

/* Begin PBXGroup section */
		2D9FE1051CED5E6C003A7A40 = {
			isa = PBXGroup;
			children = (
				2D9FE1101CED5E6C003A7A40 /* Block Boogie */,
				2D9FE10F1CED5E6C003A7A40 /* Products */,
			);
			sourceTree = "<group>";
		};
		2D9FE10F1CED5E6C003A7A40 /* Products */ = {
			isa = PBXGroup;
			children = (
				2D9FE10E1CED5E6C003A7A40 /* Block Boogie.app */,
			);
			name = Products;
			sourceTree = "<group>";
		};
		2D9FE1101CED5E6C003A7A40 /* Block Boogie */ = {
			isa = PBXGroup;
			children = (
				2D7A215D1CEE30DB00AEBC61 /* player.swift */,
				2D7A215F1CEE9C6500AEBC61 /* checkpoint.swift */,
				2D9FE1111CED5E6C003A7A40 /* AppDelegate.swift */,
				2D9FE1171CED5E6C003A7A40 /* GameViewController.swift */,
				2D9FE1131CED5E6C003A7A40 /* GameScene.sks */,
				2D9FE1151CED5E6C003A7A40 /* GameScene.swift */,
				2D9FE12B1CED6ABD003A7A40 /* OverWorldScene.swift */,
				2D9FE12D1CED6AE1003A7A40 /* OverWorldScene.sks */,
				2D655B361CF3D118004D5190 /* level1.sks */,
				2D655B381CF3D127004D5190 /* level1.swift */,
				2DF5D0E71CF63A9F00302E02 /* level2.sks */,
				2DF5D0E91CF64DBD00302E02 /* level2.swift */,
				2D7010BF1CF7999000262425 /* level3.sks */,
				2D7010C11CF7A26E00262425 /* level3.swift */,
				2DF0850B1CFA129F0064B3B2 /* level4.sks */,
				2D7F7EAE1CFA205D00809773 /* level4.swift */,
				2DBE96571CFBCF8A002EC1C2 /* level5.sks */,
				2D54DF111CFCAAE600832042 /* level5.swift */,
				2DC388931CFCEF8500BAF38A /* level6.sks */,
				2DC31FFA1CFDF7F5004B338E /* level6.swift */,
				2DE35CA51CFF8CFE00A55646 /* level7.sks */,
				2DE35CA71CFF982800A55646 /* level7.swift */,
				2D7C43331D04F0C600DF954A /* level8.sks */,
				2DC90C9E1D051B0600023A32 /* level8.swift */,
				2D3B91BC1D1742ED00249741 /* level9.sks */,
				2D3B91BE1D17430400249741 /* level9.swift */,
				2D9FE1191CED5E6C003A7A40 /* Main.storyboard */,
				2D9FE11C1CED5E6C003A7A40 /* Assets.xcassets */,
				2D9FE11E1CED5E6C003A7A40 /* LaunchScreen.storyboard */,
				2D9FE1211CED5E6C003A7A40 /* Info.plist */,
			);
			path = "Block Boogie";
			sourceTree = "<group>";
		};
/* End PBXGroup section */

/* Begin PBXNativeTarget section */
		2D9FE10D1CED5E6C003A7A40 /* Block Boogie */ = {
			isa = PBXNativeTarget;
			buildConfigurationList = 2D9FE1241CED5E6C003A7A40 /* Build configuration list for PBXNativeTarget "Block Boogie" */;
			buildPhases = (
				2D9FE10A1CED5E6C003A7A40 /* Sources */,
				2D9FE10B1CED5E6C003A7A40 /* Frameworks */,
				2D9FE10C1CED5E6C003A7A40 /* Resources */,
			);
			buildRules = (
			);
			dependencies = (
			);
			name = "Block Boogie";
			productName = "Block Boogie";
			productReference = 2D9FE10E1CED5E6C003A7A40 /* Block Boogie.app */;
			productType = "com.apple.product-type.application";
		};
/* End PBXNativeTarget section */

/* Begin PBXProject section */
		2D9FE1061CED5E6C003A7A40 /* Project object */ = {
			isa = PBXProject;
			attributes = {
				LastSwiftUpdateCheck = 0730;
				LastUpgradeCheck = 0730;
				ORGANIZATIONNAME = "Patrick Sweeney";
				TargetAttributes = {
					2D9FE10D1CED5E6C003A7A40 = {
						CreatedOnToolsVersion = 7.3.1;
						DevelopmentTeam = 2U7APCJK6S;
					};
				};
			};
			buildConfigurationList = 2D9FE1091CED5E6C003A7A40 /* Build configuration list for PBXProject "Block Boogie" */;
			compatibilityVersion = "Xcode 3.2";
			developmentRegion = English;
			hasScannedForEncodings = 0;
			knownRegions = (
				en,
				Base,
			);
			mainGroup = 2D9FE1051CED5E6C003A7A40;
			productRefGroup = 2D9FE10F1CED5E6C003A7A40 /* Products */;
			projectDirPath = "";
			projectRoot = "";
			targets = (
				2D9FE10D1CED5E6C003A7A40 /* Block Boogie */,
			);
		};
/* End PBXProject section */

/* Begin PBXResourcesBuildPhase section */
		2D9FE10C1CED5E6C003A7A40 /* Resources */ = {
			isa = PBXResourcesBuildPhase;
			buildActionMask = 2147483647;
			files = (
				2DC388941CFCEF8500BAF38A /* level6.sks in Resources */,
				2DBE96581CFBCF8A002EC1C2 /* level5.sks in Resources */,
				2D9FE12E1CED6AE1003A7A40 /* OverWorldScene.sks in Resources */,
				2DF0850C1CFA129F0064B3B2 /* level4.sks in Resources */,
				2D7C43341D04F0C600DF954A /* level8.sks in Resources */,
				2DE35CA61CFF8CFE00A55646 /* level7.sks in Resources */,
				2DF5D0E81CF63A9F00302E02 /* level2.sks in Resources */,
				2D9FE1141CED5E6C003A7A40 /* GameScene.sks in Resources */,
				2D3B91BD1D1742ED00249741 /* level9.sks in Resources */,
				2D9FE1201CED5E6C003A7A40 /* LaunchScreen.storyboard in Resources */,
				2D7010C01CF7999000262425 /* level3.sks in Resources */,
				2D9FE11D1CED5E6C003A7A40 /* Assets.xcassets in Resources */,
				2D655B371CF3D118004D5190 /* level1.sks in Resources */,
				2D9FE11B1CED5E6C003A7A40 /* Main.storyboard in Resources */,
			);
			runOnlyForDeploymentPostprocessing = 0;
		};
/* End PBXResourcesBuildPhase section */

/* Begin PBXSourcesBuildPhase section */
		2D9FE10A1CED5E6C003A7A40 /* Sources */ = {
			isa = PBXSourcesBuildPhase;
			buildActionMask = 2147483647;
			files = (
				2D54DF121CFCAAE600832042 /* level5.swift in Sources */,
				2D3B91BF1D17430400249741 /* level9.swift in Sources */,
				2DC90C9F1D051B0600023A32 /* level8.swift in Sources */,
				2DC31FFB1CFDF7F5004B338E /* level6.swift in Sources */,
				2D9FE1161CED5E6C003A7A40 /* GameScene.swift in Sources */,
				2D7F7EAF1CFA205D00809773 /* level4.swift in Sources */,
				2DF5D0EA1CF64DBD00302E02 /* level2.swift in Sources */,
				2D655B391CF3D127004D5190 /* level1.swift in Sources */,
				2D9FE12C1CED6ABD003A7A40 /* OverWorldScene.swift in Sources */,
				2D7010C21CF7A26E00262425 /* level3.swift in Sources */,
				2D9FE1181CED5E6C003A7A40 /* GameViewController.swift in Sources */,
				2D7A21601CEE9C6500AEBC61 /* checkpoint.swift in Sources */,
				2DE35CA81CFF982800A55646 /* level7.swift in Sources */,
				2D7A215E1CEE30DB00AEBC61 /* player.swift in Sources */,
				2D9FE1121CED5E6C003A7A40 /* AppDelegate.swift in Sources */,
			);
			runOnlyForDeploymentPostprocessing = 0;
		};
/* End PBXSourcesBuildPhase section */

/* Begin PBXVariantGroup section */
		2D9FE1191CED5E6C003A7A40 /* Main.storyboard */ = {
			isa = PBXVariantGroup;
			children = (
				2D9FE11A1CED5E6C003A7A40 /* Base */,
			);
			name = Main.storyboard;
			sourceTree = "<group>";
		};
		2D9FE11E1CED5E6C003A7A40 /* LaunchScreen.storyboard */ = {
			isa = PBXVariantGroup;
			children = (
				2D9FE11F1CED5E6C003A7A40 /* Base */,
			);
			name = LaunchScreen.storyboard;
			sourceTree = "<group>";
		};
/* End PBXVariantGroup section */

/* Begin XCBuildConfiguration section */
		2D9FE1221CED5E6C003A7A40 /* Debug */ = {
			isa = XCBuildConfiguration;
			buildSettings = {
				ALWAYS_SEARCH_USER_PATHS = NO;
				CLANG_ANALYZER_NONNULL = YES;
				CLANG_CXX_LANGUAGE_STANDARD = "gnu++0x";
				CLANG_CXX_LIBRARY = "libc++";
				CLANG_ENABLE_MODULES = YES;
				CLANG_ENABLE_OBJC_ARC = YES;
				CLANG_WARN_BOOL_CONVERSION = YES;
				CLANG_WARN_CONSTANT_CONVERSION = YES;
				CLANG_WARN_DIRECT_OBJC_ISA_USAGE = YES_ERROR;
				CLANG_WARN_EMPTY_BODY = YES;
				CLANG_WARN_ENUM_CONVERSION = YES;
				CLANG_WARN_INT_CONVERSION = YES;
				CLANG_WARN_OBJC_ROOT_CLASS = YES_ERROR;
				CLANG_WARN_UNREACHABLE_CODE = YES;
				CLANG_WARN__DUPLICATE_METHOD_MATCH = YES;
				"CODE_SIGN_IDENTITY[sdk=iphoneos*]" = "iPhone Developer";
				COPY_PHASE_STRIP = NO;
				DEBUG_INFORMATION_FORMAT = "dwarf-with-dsym";
				ENABLE_STRICT_OBJC_MSGSEND = YES;
				ENABLE_TESTABILITY = YES;
				GCC_C_LANGUAGE_STANDARD = gnu99;
				GCC_DYNAMIC_NO_PIC = NO;
				GCC_NO_COMMON_BLOCKS = YES;
				GCC_OPTIMIZATION_LEVEL = 0;
				GCC_PREPROCESSOR_DEFINITIONS = (
					"DEBUG=1",
					"$(inherited)",
				);
				GCC_WARN_64_TO_32_BIT_CONVERSION = YES;
				GCC_WARN_ABOUT_RETURN_TYPE = YES_ERROR;
				GCC_WARN_UNDECLARED_SELECTOR = YES;
				GCC_WARN_UNINITIALIZED_AUTOS = YES_AGGRESSIVE;
				GCC_WARN_UNUSED_FUNCTION = YES;
				GCC_WARN_UNUSED_VARIABLE = YES;
				IPHONEOS_DEPLOYMENT_TARGET = 9.3;
				MTL_ENABLE_DEBUG_INFO = YES;
				ONLY_ACTIVE_ARCH = YES;
				SDKROOT = iphoneos;
				SWIFT_OPTIMIZATION_LEVEL = "-Onone";
				TARGETED_DEVICE_FAMILY = "1,2";
			};
			name = Debug;
		};
		2D9FE1231CED5E6C003A7A40 /* Release */ = {
			isa = XCBuildConfiguration;
			buildSettings = {
				ALWAYS_SEARCH_USER_PATHS = NO;
				CLANG_ANALYZER_NONNULL = YES;
				CLANG_CXX_LANGUAGE_STANDARD = "gnu++0x";
				CLANG_CXX_LIBRARY = "libc++";
				CLANG_ENABLE_MODULES = YES;
				CLANG_ENABLE_OBJC_ARC = YES;
				CLANG_WARN_BOOL_CONVERSION = YES;
				CLANG_WARN_CONSTANT_CONVERSION = YES;
				CLANG_WARN_DIRECT_OBJC_ISA_USAGE = YES_ERROR;
				CLANG_WARN_EMPTY_BODY = YES;
				CLANG_WARN_ENUM_CONVERSION = YES;
				CLANG_WARN_INT_CONVERSION = YES;
				CLANG_WARN_OBJC_ROOT_CLASS = YES_ERROR;
				CLANG_WARN_UNREACHABLE_CODE = YES;
				CLANG_WARN__DUPLICATE_METHOD_MATCH = YES;
				"CODE_SIGN_IDENTITY[sdk=iphoneos*]" = "iPhone Developer";
				COPY_PHASE_STRIP = NO;
				DEBUG_INFORMATION_FORMAT = "dwarf-with-dsym";
				ENABLE_NS_ASSERTIONS = NO;
				ENABLE_STRICT_OBJC_MSGSEND = YES;
				GCC_C_LANGUAGE_STANDARD = gnu99;
				GCC_NO_COMMON_BLOCKS = YES;
				GCC_WARN_64_TO_32_BIT_CONVERSION = YES;
				GCC_WARN_ABOUT_RETURN_TYPE = YES_ERROR;
				GCC_WARN_UNDECLARED_SELECTOR = YES;
				GCC_WARN_UNINITIALIZED_AUTOS = YES_AGGRESSIVE;
				GCC_WARN_UNUSED_FUNCTION = YES;
				GCC_WARN_UNUSED_VARIABLE = YES;
				IPHONEOS_DEPLOYMENT_TARGET = 9.3;
				MTL_ENABLE_DEBUG_INFO = NO;
				SDKROOT = iphoneos;
				TARGETED_DEVICE_FAMILY = "1,2";
				VALIDATE_PRODUCT = YES;
			};
			name = Release;
		};
		2D9FE1251CED5E6C003A7A40 /* Debug */ = {
			isa = XCBuildConfiguration;
			buildSettings = {
				ASSETCATALOG_COMPILER_APPICON_NAME = AppIcon;
				CODE_SIGN_IDENTITY = "iPhone Developer";
				INFOPLIST_FILE = "Block Boogie/Info.plist";
				LD_RUNPATH_SEARCH_PATHS = "$(inherited) @executable_path/Frameworks";
				PRODUCT_BUNDLE_IDENTIFIER = "Me.Block-Boogie";
				PRODUCT_NAME = "$(TARGET_NAME)";
			};
			name = Debug;
		};
		2D9FE1261CED5E6C003A7A40 /* Release */ = {
			isa = XCBuildConfiguration;
			buildSettings = {
				ASSETCATALOG_COMPILER_APPICON_NAME = AppIcon;
				CODE_SIGN_IDENTITY = "iPhone Developer";
				INFOPLIST_FILE = "Block Boogie/Info.plist";
				LD_RUNPATH_SEARCH_PATHS = "$(inherited) @executable_path/Frameworks";
				PRODUCT_BUNDLE_IDENTIFIER = "Me.Block-Boogie";
				PRODUCT_NAME = "$(TARGET_NAME)";
			};
			name = Release;
		};
/* End XCBuildConfiguration section */

/* Begin XCConfigurationList section */
		2D9FE1091CED5E6C003A7A40 /* Build configuration list for PBXProject "Block Boogie" */ = {
			isa = XCConfigurationList;
			buildConfigurations = (
				2D9FE1221CED5E6C003A7A40 /* Debug */,
				2D9FE1231CED5E6C003A7A40 /* Release */,
			);
			defaultConfigurationIsVisible = 0;
			defaultConfigurationName = Release;
		};
		2D9FE1241CED5E6C003A7A40 /* Build configuration list for PBXNativeTarget "Block Boogie" */ = {
			isa = XCConfigurationList;
			buildConfigurations = (
				2D9FE1251CED5E6C003A7A40 /* Debug */,
				2D9FE1261CED5E6C003A7A40 /* Release */,
			);
			defaultConfigurationIsVisible = 0;
			defaultConfigurationName = Release;
		};
/* End XCConfigurationList section */
	};
	rootObject = 2D9FE1061CED5E6C003A7A40 /* Project object */;
}
